// !$*UTF8*$!
{
	archiveVersion = 1;
	classes = {
	};
	objectVersion = 51;
	objects = {

/* Begin PBXBuildFile section */
		16EF5090316E23D9ED79F9B1 /* Pods_Home.framework in Frameworks */ = {isa = PBXBuildFile; fileRef = 45F36758E0F3D3C6F7DFCDA3 /* Pods_Home.framework */; };
		D1A88F2C25279ACC00EBE42E /* AppDelegate.swift in Sources */ = {isa = PBXBuildFile; fileRef = D1A88F2B25279ACC00EBE42E /* AppDelegate.swift */; };
		D1A88F2E25279ACC00EBE42E /* SceneDelegate.swift in Sources */ = {isa = PBXBuildFile; fileRef = D1A88F2D25279ACC00EBE42E /* SceneDelegate.swift */; };
		D1A88F3525279AD000EBE42E /* Assets.xcassets in Resources */ = {isa = PBXBuildFile; fileRef = D1A88F3425279AD000EBE42E /* Assets.xcassets */; };
		D1A88F3825279AD000EBE42E /* LaunchScreen.storyboard in Resources */ = {isa = PBXBuildFile; fileRef = D1A88F3625279AD000EBE42E /* LaunchScreen.storyboard */; };
		D1A88F452527A2A000EBE42E /* Connectivity.swift in Sources */ = {isa = PBXBuildFile; fileRef = D1A88F442527A2A000EBE42E /* Connectivity.swift */; };
		D1A88F472527A2B000EBE42E /* ServiceEncoding.swift in Sources */ = {isa = PBXBuildFile; fileRef = D1A88F462527A2B000EBE42E /* ServiceEncoding.swift */; };
		D1A88F492527A2D200EBE42E /* ServiceError.swift in Sources */ = {isa = PBXBuildFile; fileRef = D1A88F482527A2D200EBE42E /* ServiceError.swift */; };
		D1A88F4B2527A2E700EBE42E /* ServiceHTTPMethod.swift in Sources */ = {isa = PBXBuildFile; fileRef = D1A88F4A2527A2E700EBE42E /* ServiceHTTPMethod.swift */; };
		D1A88F4D2527A2F900EBE42E /* ServiceManager.swift in Sources */ = {isa = PBXBuildFile; fileRef = D1A88F4C2527A2F900EBE42E /* ServiceManager.swift */; };
		D1A88F4F2527A30C00EBE42E /* ServiceManagerProtocol.swift in Sources */ = {isa = PBXBuildFile; fileRef = D1A88F4E2527A30C00EBE42E /* ServiceManagerProtocol.swift */; };
		D1A88F512527A31C00EBE42E /* ServiceRequest.swift in Sources */ = {isa = PBXBuildFile; fileRef = D1A88F502527A31C00EBE42E /* ServiceRequest.swift */; };
		D1A88F5A2527A55E00EBE42E /* AppRouter.swift in Sources */ = {isa = PBXBuildFile; fileRef = D1A88F592527A55E00EBE42E /* AppRouter.swift */; };
		D1A88F5D2527A60700EBE42E /* HomeViewController.swift in Sources */ = {isa = PBXBuildFile; fileRef = D1A88F5B2527A60700EBE42E /* HomeViewController.swift */; };
		D1A88F5E2527A60700EBE42E /* HomeViewController.xib in Resources */ = {isa = PBXBuildFile; fileRef = D1A88F5C2527A60700EBE42E /* HomeViewController.xib */; };
		D1A88F602527A62500EBE42E /* HomeInteractor.swift in Sources */ = {isa = PBXBuildFile; fileRef = D1A88F5F2527A62500EBE42E /* HomeInteractor.swift */; };
		D1A88F622527A66000EBE42E /* HomePresenter.swift in Sources */ = {isa = PBXBuildFile; fileRef = D1A88F612527A66000EBE42E /* HomePresenter.swift */; };
		D1A88F642527A6B100EBE42E /* HomeRouter.swift in Sources */ = {isa = PBXBuildFile; fileRef = D1A88F632527A6B100EBE42E /* HomeRouter.swift */; };
		D1A88F672527A74800EBE42E /* UIViewController+Extension.swift in Sources */ = {isa = PBXBuildFile; fileRef = D1A88F662527A74800EBE42E /* UIViewController+Extension.swift */; };
		D1A88F692527BBB600EBE42E /* AppEnvironment.swift in Sources */ = {isa = PBXBuildFile; fileRef = D1A88F682527BBB600EBE42E /* AppEnvironment.swift */; };
		D1A88F6B2527BE7600EBE42E /* HomeEntity.swift in Sources */ = {isa = PBXBuildFile; fileRef = D1A88F6A2527BE7600EBE42E /* HomeEntity.swift */; };
/* End PBXBuildFile section */

/* Begin PBXFileReference section */
		45F36758E0F3D3C6F7DFCDA3 /* Pods_Home.framework */ = {isa = PBXFileReference; explicitFileType = wrapper.framework; includeInIndex = 0; path = Pods_Home.framework; sourceTree = BUILT_PRODUCTS_DIR; };
		65B9AB1E074816BCB5E26709 /* Pods-Home.debug.xcconfig */ = {isa = PBXFileReference; includeInIndex = 1; lastKnownFileType = text.xcconfig; name = "Pods-Home.debug.xcconfig"; path = "Target Support Files/Pods-Home/Pods-Home.debug.xcconfig"; sourceTree = "<group>"; };
		8C88BF9D03FB5FD6F5FDF029 /* Pods-Home.release.xcconfig */ = {isa = PBXFileReference; includeInIndex = 1; lastKnownFileType = text.xcconfig; name = "Pods-Home.release.xcconfig"; path = "Target Support Files/Pods-Home/Pods-Home.release.xcconfig"; sourceTree = "<group>"; };
		D1A88F2825279ACC00EBE42E /* Home.app */ = {isa = PBXFileReference; explicitFileType = wrapper.application; includeInIndex = 0; path = Home.app; sourceTree = BUILT_PRODUCTS_DIR; };
		D1A88F2B25279ACC00EBE42E /* AppDelegate.swift */ = {isa = PBXFileReference; lastKnownFileType = sourcecode.swift; path = AppDelegate.swift; sourceTree = "<group>"; };
		D1A88F2D25279ACC00EBE42E /* SceneDelegate.swift */ = {isa = PBXFileReference; lastKnownFileType = sourcecode.swift; path = SceneDelegate.swift; sourceTree = "<group>"; };
		D1A88F3425279AD000EBE42E /* Assets.xcassets */ = {isa = PBXFileReference; lastKnownFileType = folder.assetcatalog; path = Assets.xcassets; sourceTree = "<group>"; };
		D1A88F3725279AD000EBE42E /* Base */ = {isa = PBXFileReference; lastKnownFileType = file.storyboard; name = Base; path = Base.lproj/LaunchScreen.storyboard; sourceTree = "<group>"; };
		D1A88F3925279AD000EBE42E /* Info.plist */ = {isa = PBXFileReference; lastKnownFileType = text.plist.xml; path = Info.plist; sourceTree = "<group>"; };
		D1A88F442527A2A000EBE42E /* Connectivity.swift */ = {isa = PBXFileReference; lastKnownFileType = sourcecode.swift; path = Connectivity.swift; sourceTree = "<group>"; };
		D1A88F462527A2B000EBE42E /* ServiceEncoding.swift */ = {isa = PBXFileReference; lastKnownFileType = sourcecode.swift; path = ServiceEncoding.swift; sourceTree = "<group>"; };
		D1A88F482527A2D200EBE42E /* ServiceError.swift */ = {isa = PBXFileReference; lastKnownFileType = sourcecode.swift; path = ServiceError.swift; sourceTree = "<group>"; };
		D1A88F4A2527A2E700EBE42E /* ServiceHTTPMethod.swift */ = {isa = PBXFileReference; lastKnownFileType = sourcecode.swift; path = ServiceHTTPMethod.swift; sourceTree = "<group>"; };
		D1A88F4C2527A2F900EBE42E /* ServiceManager.swift */ = {isa = PBXFileReference; lastKnownFileType = sourcecode.swift; path = ServiceManager.swift; sourceTree = "<group>"; };
		D1A88F4E2527A30C00EBE42E /* ServiceManagerProtocol.swift */ = {isa = PBXFileReference; lastKnownFileType = sourcecode.swift; path = ServiceManagerProtocol.swift; sourceTree = "<group>"; };
		D1A88F502527A31C00EBE42E /* ServiceRequest.swift */ = {isa = PBXFileReference; lastKnownFileType = sourcecode.swift; path = ServiceRequest.swift; sourceTree = "<group>"; };
		D1A88F592527A55E00EBE42E /* AppRouter.swift */ = {isa = PBXFileReference; lastKnownFileType = sourcecode.swift; path = AppRouter.swift; sourceTree = "<group>"; };
		D1A88F5B2527A60700EBE42E /* HomeViewController.swift */ = {isa = PBXFileReference; lastKnownFileType = sourcecode.swift; path = HomeViewController.swift; sourceTree = "<group>"; };
		D1A88F5C2527A60700EBE42E /* HomeViewController.xib */ = {isa = PBXFileReference; lastKnownFileType = file.xib; path = HomeViewController.xib; sourceTree = "<group>"; };
		D1A88F5F2527A62500EBE42E /* HomeInteractor.swift */ = {isa = PBXFileReference; lastKnownFileType = sourcecode.swift; path = HomeInteractor.swift; sourceTree = "<group>"; };
		D1A88F612527A66000EBE42E /* HomePresenter.swift */ = {isa = PBXFileReference; lastKnownFileType = sourcecode.swift; path = HomePresenter.swift; sourceTree = "<group>"; };
		D1A88F632527A6B100EBE42E /* HomeRouter.swift */ = {isa = PBXFileReference; lastKnownFileType = sourcecode.swift; path = HomeRouter.swift; sourceTree = "<group>"; };
		D1A88F662527A74800EBE42E /* UIViewController+Extension.swift */ = {isa = PBXFileReference; lastKnownFileType = sourcecode.swift; path = "UIViewController+Extension.swift"; sourceTree = "<group>"; };
		D1A88F682527BBB600EBE42E /* AppEnvironment.swift */ = {isa = PBXFileReference; lastKnownFileType = sourcecode.swift; path = AppEnvironment.swift; sourceTree = "<group>"; };
		D1A88F6A2527BE7600EBE42E /* HomeEntity.swift */ = {isa = PBXFileReference; lastKnownFileType = sourcecode.swift; path = HomeEntity.swift; sourceTree = "<group>"; };
/* End PBXFileReference section */

/* Begin PBXFrameworksBuildPhase section */
		D1A88F2525279ACC00EBE42E /* Frameworks */ = {
			isa = PBXFrameworksBuildPhase;
			buildActionMask = 2147483647;
			files = (
				16EF5090316E23D9ED79F9B1 /* Pods_Home.framework in Frameworks */,
			);
			runOnlyForDeploymentPostprocessing = 0;
		};
/* End PBXFrameworksBuildPhase section */

/* Begin PBXGroup section */
		5133D90892F6134E00CC38FA /* Pods */ = {
			isa = PBXGroup;
			children = (
				65B9AB1E074816BCB5E26709 /* Pods-Home.debug.xcconfig */,
				8C88BF9D03FB5FD6F5FDF029 /* Pods-Home.release.xcconfig */,
			);
			path = Pods;
			sourceTree = "<group>";
		};
		6028E6E822354D7398CC8813 /* Frameworks */ = {
			isa = PBXGroup;
			children = (
				45F36758E0F3D3C6F7DFCDA3 /* Pods_Home.framework */,
			);
			name = Frameworks;
			sourceTree = "<group>";
		};
		D1A88F1F25279ACC00EBE42E = {
			isa = PBXGroup;
			children = (
				D1A88F2A25279ACC00EBE42E /* Home */,
				D1A88F2925279ACC00EBE42E /* Products */,
				5133D90892F6134E00CC38FA /* Pods */,
				6028E6E822354D7398CC8813 /* Frameworks */,
			);
			sourceTree = "<group>";
		};
		D1A88F2925279ACC00EBE42E /* Products */ = {
			isa = PBXGroup;
			children = (
				D1A88F2825279ACC00EBE42E /* Home.app */,
			);
			name = Products;
			sourceTree = "<group>";
		};
		D1A88F2A25279ACC00EBE42E /* Home */ = {
			isa = PBXGroup;
			children = (
				D1A88F3F2527A11500EBE42E /* AppResources */,
				D1A88F402527A12000EBE42E /* AppSettings */,
				D1A88F412527A12900EBE42E /* Helpers */,
				D1A88F422527A13400EBE42E /* Scene */,
			);
			path = Home;
			sourceTree = "<group>";
		};
		D1A88F3F2527A11500EBE42E /* AppResources */ = {
			isa = PBXGroup;
			children = (
				D1A88F3425279AD000EBE42E /* Assets.xcassets */,
				D1A88F3925279AD000EBE42E /* Info.plist */,
				D1A88F3625279AD000EBE42E /* LaunchScreen.storyboard */,
			);
			path = AppResources;
			sourceTree = "<group>";
		};
		D1A88F402527A12000EBE42E /* AppSettings */ = {
			isa = PBXGroup;
			children = (
				D1A88F2B25279ACC00EBE42E /* AppDelegate.swift */,
				D1A88F2D25279ACC00EBE42E /* SceneDelegate.swift */,
				D1A88F592527A55E00EBE42E /* AppRouter.swift */,
				D1A88F682527BBB600EBE42E /* AppEnvironment.swift */,
			);
			path = AppSettings;
			sourceTree = "<group>";
		};
		D1A88F412527A12900EBE42E /* Helpers */ = {
			isa = PBXGroup;
			children = (
				D1A88F652527A73B00EBE42E /* Extension */,
				D1A88F432527A29000EBE42E /* ServiceHelper */,
			);
			path = Helpers;
			sourceTree = "<group>";
		};
		D1A88F422527A13400EBE42E /* Scene */ = {
			isa = PBXGroup;
			children = (
				D1A88F522527A4D300EBE42E /* Home */,
			);
			path = Scene;
			sourceTree = "<group>";
		};
		D1A88F432527A29000EBE42E /* ServiceHelper */ = {
			isa = PBXGroup;
			children = (
				D1A88F442527A2A000EBE42E /* Connectivity.swift */,
				D1A88F462527A2B000EBE42E /* ServiceEncoding.swift */,
				D1A88F482527A2D200EBE42E /* ServiceError.swift */,
				D1A88F4A2527A2E700EBE42E /* ServiceHTTPMethod.swift */,
				D1A88F4C2527A2F900EBE42E /* ServiceManager.swift */,
				D1A88F4E2527A30C00EBE42E /* ServiceManagerProtocol.swift */,
				D1A88F502527A31C00EBE42E /* ServiceRequest.swift */,
			);
			path = ServiceHelper;
			sourceTree = "<group>";
		};
		D1A88F522527A4D300EBE42E /* Home */ = {
			isa = PBXGroup;
			children = (
				D1A88F532527A4E500EBE42E /* View */,
				D1A88F542527A4F300EBE42E /* Interactor */,
				D1A88F552527A4FC00EBE42E /* Presenter */,
				D1A88F562527A50600EBE42E /* Entity */,
				D1A88F572527A50E00EBE42E /* Router */,
			);
			path = Home;
			sourceTree = "<group>";
		};
		D1A88F532527A4E500EBE42E /* View */ = {
			isa = PBXGroup;
			children = (
				D1A88F5B2527A60700EBE42E /* HomeViewController.swift */,
				D1A88F5C2527A60700EBE42E /* HomeViewController.xib */,
			);
			path = View;
			sourceTree = "<group>";
		};
		D1A88F542527A4F300EBE42E /* Interactor */ = {
			isa = PBXGroup;
			children = (
				D1A88F5F2527A62500EBE42E /* HomeInteractor.swift */,
			);
			path = Interactor;
			sourceTree = "<group>";
		};
		D1A88F552527A4FC00EBE42E /* Presenter */ = {
			isa = PBXGroup;
			children = (
				D1A88F612527A66000EBE42E /* HomePresenter.swift */,
			);
			path = Presenter;
			sourceTree = "<group>";
		};
		D1A88F562527A50600EBE42E /* Entity */ = {
			isa = PBXGroup;
			children = (
				D1A88F6A2527BE7600EBE42E /* HomeEntity.swift */,
			);
			path = Entity;
			sourceTree = "<group>";
		};
		D1A88F572527A50E00EBE42E /* Router */ = {
			isa = PBXGroup;
			children = (
				D1A88F632527A6B100EBE42E /* HomeRouter.swift */,
			);
			path = Router;
			sourceTree = "<group>";
		};
		D1A88F652527A73B00EBE42E /* Extension */ = {
			isa = PBXGroup;
			children = (
				D1A88F662527A74800EBE42E /* UIViewController+Extension.swift */,
			);
			path = Extension;
			sourceTree = "<group>";
		};
/* End PBXGroup section */

/* Begin PBXNativeTarget section */
		D1A88F2725279ACC00EBE42E /* Home */ = {
			isa = PBXNativeTarget;
			buildConfigurationList = D1A88F3C25279AD000EBE42E /* Build configuration list for PBXNativeTarget "Home" */;
			buildPhases = (
				39194D7492ADB8A4A3017D25 /* [CP] Check Pods Manifest.lock */,
				D1A88F2425279ACC00EBE42E /* Sources */,
				D1A88F2525279ACC00EBE42E /* Frameworks */,
				D1A88F2625279ACC00EBE42E /* Resources */,
				2C0E3AEE652488CF053D1385 /* [CP] Embed Pods Frameworks */,
			);
			buildRules = (
			);
			dependencies = (
			);
			name = Home;
			productName = Home;
			productReference = D1A88F2825279ACC00EBE42E /* Home.app */;
			productType = "com.apple.product-type.application";
		};
/* End PBXNativeTarget section */

/* Begin PBXProject section */
		D1A88F2025279ACC00EBE42E /* Project object */ = {
			isa = PBXProject;
			attributes = {
				LastSwiftUpdateCheck = 1150;
				LastUpgradeCheck = 1150;
				ORGANIZATIONNAME = "Ronilson Batista";
				TargetAttributes = {
					D1A88F2725279ACC00EBE42E = {
						CreatedOnToolsVersion = 11.5;
					};
				};
			};
			buildConfigurationList = D1A88F2325279ACC00EBE42E /* Build configuration list for PBXProject "Home" */;
			compatibilityVersion = "Xcode 9.3";
			developmentRegion = en;
			hasScannedForEncodings = 0;
			knownRegions = (
				en,
				Base,
			);
			mainGroup = D1A88F1F25279ACC00EBE42E;
			productRefGroup = D1A88F2925279ACC00EBE42E /* Products */;
			projectDirPath = "";
			projectRoot = "";
			targets = (
				D1A88F2725279ACC00EBE42E /* Home */,
			);
		};
/* End PBXProject section */

/* Begin PBXResourcesBuildPhase section */
		D1A88F2625279ACC00EBE42E /* Resources */ = {
			isa = PBXResourcesBuildPhase;
			buildActionMask = 2147483647;
			files = (
				D1A88F3825279AD000EBE42E /* LaunchScreen.storyboard in Resources */,
				D1A88F3525279AD000EBE42E /* Assets.xcassets in Resources */,
				D1A88F5E2527A60700EBE42E /* HomeViewController.xib in Resources */,
			);
			runOnlyForDeploymentPostprocessing = 0;
		};
/* End PBXResourcesBuildPhase section */

/* Begin PBXShellScriptBuildPhase section */
		2C0E3AEE652488CF053D1385 /* [CP] Embed Pods Frameworks */ = {
			isa = PBXShellScriptBuildPhase;
			buildActionMask = 2147483647;
			files = (
			);
			inputFileListPaths = (
				"${PODS_ROOT}/Target Support Files/Pods-Home/Pods-Home-frameworks-${CONFIGURATION}-input-files.xcfilelist",
			);
			name = "[CP] Embed Pods Frameworks";
			outputFileListPaths = (
				"${PODS_ROOT}/Target Support Files/Pods-Home/Pods-Home-frameworks-${CONFIGURATION}-output-files.xcfilelist",
			);
			runOnlyForDeploymentPostprocessing = 0;
			shellPath = /bin/sh;
			shellScript = "\"${PODS_ROOT}/Target Support Files/Pods-Home/Pods-Home-frameworks.sh\"\n";
			showEnvVarsInLog = 0;
		};
		39194D7492ADB8A4A3017D25 /* [CP] Check Pods Manifest.lock */ = {
			isa = PBXShellScriptBuildPhase;
			buildActionMask = 2147483647;
			files = (
			);
			inputFileListPaths = (
			);
			inputPaths = (
				"${PODS_PODFILE_DIR_PATH}/Podfile.lock",
				"${PODS_ROOT}/Manifest.lock",
			);
			name = "[CP] Check Pods Manifest.lock";
			outputFileListPaths = (
			);
			outputPaths = (
				"$(DERIVED_FILE_DIR)/Pods-Home-checkManifestLockResult.txt",
			);
			runOnlyForDeploymentPostprocessing = 0;
			shellPath = /bin/sh;
			shellScript = "diff \"${PODS_PODFILE_DIR_PATH}/Podfile.lock\" \"${PODS_ROOT}/Manifest.lock\" > /dev/null\nif [ $? != 0 ] ; then\n    # print error to STDERR\n    echo \"error: The sandbox is not in sync with the Podfile.lock. Run 'pod install' or update your CocoaPods installation.\" >&2\n    exit 1\nfi\n# This output is used by Xcode 'outputs' to avoid re-running this script phase.\necho \"SUCCESS\" > \"${SCRIPT_OUTPUT_FILE_0}\"\n";
			showEnvVarsInLog = 0;
		};
/* End PBXShellScriptBuildPhase section */

/* Begin PBXSourcesBuildPhase section */
		D1A88F2425279ACC00EBE42E /* Sources */ = {
			isa = PBXSourcesBuildPhase;
			buildActionMask = 2147483647;
			files = (
				D1A88F6B2527BE7600EBE42E /* HomeEntity.swift in Sources */,
				D1A88F492527A2D200EBE42E /* ServiceError.swift in Sources */,
				D1A88F452527A2A000EBE42E /* Connectivity.swift in Sources */,
				D1A88F4F2527A30C00EBE42E /* ServiceManagerProtocol.swift in Sources */,
				D1A88F672527A74800EBE42E /* UIViewController+Extension.swift in Sources */,
				D1A88F602527A62500EBE42E /* HomeInteractor.swift in Sources */,
				D1A88F692527BBB600EBE42E /* AppEnvironment.swift in Sources */,
				D1A88F4B2527A2E700EBE42E /* ServiceHTTPMethod.swift in Sources */,
				D1A88F4D2527A2F900EBE42E /* ServiceManager.swift in Sources */,
				D1A88F512527A31C00EBE42E /* ServiceRequest.swift in Sources */,
				D1A88F472527A2B000EBE42E /* ServiceEncoding.swift in Sources */,
				D1A88F5D2527A60700EBE42E /* HomeViewController.swift in Sources */,
				D1A88F642527A6B100EBE42E /* HomeRouter.swift in Sources */,
				D1A88F622527A66000EBE42E /* HomePresenter.swift in Sources */,
				D1A88F5A2527A55E00EBE42E /* AppRouter.swift in Sources */,
				D1A88F2C25279ACC00EBE42E /* AppDelegate.swift in Sources */,
				D1A88F2E25279ACC00EBE42E /* SceneDelegate.swift in Sources */,
			);
			runOnlyForDeploymentPostprocessing = 0;
		};
/* End PBXSourcesBuildPhase section */

/* Begin PBXVariantGroup section */
		D1A88F3625279AD000EBE42E /* LaunchScreen.storyboard */ = {
			isa = PBXVariantGroup;
			children = (
				D1A88F3725279AD000EBE42E /* Base */,
			);
			name = LaunchScreen.storyboard;
			sourceTree = "<group>";
		};
/* End PBXVariantGroup section */

/* Begin XCBuildConfiguration section */
		D1A88F3A25279AD000EBE42E /* Debug */ = {
			isa = XCBuildConfiguration;
			buildSettings = {
				ALWAYS_SEARCH_USER_PATHS = NO;
				CLANG_ANALYZER_NONNULL = YES;
				CLANG_ANALYZER_NUMBER_OBJECT_CONVERSION = YES_AGGRESSIVE;
				CLANG_CXX_LANGUAGE_STANDARD = "gnu++14";
				CLANG_CXX_LIBRARY = "libc++";
				CLANG_ENABLE_MODULES = YES;
				CLANG_ENABLE_OBJC_ARC = YES;
				CLANG_ENABLE_OBJC_WEAK = YES;
				CLANG_WARN_BLOCK_CAPTURE_AUTORELEASING = YES;
				CLANG_WARN_BOOL_CONVERSION = YES;
				CLANG_WARN_COMMA = YES;
				CLANG_WARN_CONSTANT_CONVERSION = YES;
				CLANG_WARN_DEPRECATED_OBJC_IMPLEMENTATIONS = YES;
				CLANG_WARN_DIRECT_OBJC_ISA_USAGE = YES_ERROR;
				CLANG_WARN_DOCUMENTATION_COMMENTS = YES;
				CLANG_WARN_EMPTY_BODY = YES;
				CLANG_WARN_ENUM_CONVERSION = YES;
				CLANG_WARN_INFINITE_RECURSION = YES;
				CLANG_WARN_INT_CONVERSION = YES;
				CLANG_WARN_NON_LITERAL_NULL_CONVERSION = YES;
				CLANG_WARN_OBJC_IMPLICIT_RETAIN_SELF = YES;
				CLANG_WARN_OBJC_LITERAL_CONVERSION = YES;
				CLANG_WARN_OBJC_ROOT_CLASS = YES_ERROR;
				CLANG_WARN_RANGE_LOOP_ANALYSIS = YES;
				CLANG_WARN_STRICT_PROTOTYPES = YES;
				CLANG_WARN_SUSPICIOUS_MOVE = YES;
				CLANG_WARN_UNGUARDED_AVAILABILITY = YES_AGGRESSIVE;
				CLANG_WARN_UNREACHABLE_CODE = YES;
				CLANG_WARN__DUPLICATE_METHOD_MATCH = YES;
				COPY_PHASE_STRIP = NO;
				DEBUG_INFORMATION_FORMAT = dwarf;
				ENABLE_STRICT_OBJC_MSGSEND = YES;
				ENABLE_TESTABILITY = YES;
				GCC_C_LANGUAGE_STANDARD = gnu11;
				GCC_DYNAMIC_NO_PIC = NO;
				GCC_NO_COMMON_BLOCKS = YES;
				GCC_OPTIMIZATION_LEVEL = 0;
				GCC_PREPROCESSOR_DEFINITIONS = (
					"DEBUG=1",
					"$(inherited)",
				);
				GCC_WARN_64_TO_32_BIT_CONVERSION = YES;
				GCC_WARN_ABOUT_RETURN_TYPE = YES_ERROR;
				GCC_WARN_UNDECLARED_SELECTOR = YES;
				GCC_WARN_UNINITIALIZED_AUTOS = YES_AGGRESSIVE;
				GCC_WARN_UNUSED_FUNCTION = YES;
				GCC_WARN_UNUSED_VARIABLE = YES;
				IPHONEOS_DEPLOYMENT_TARGET = 13.5;
				MTL_ENABLE_DEBUG_INFO = INCLUDE_SOURCE;
				MTL_FAST_MATH = YES;
				ONLY_ACTIVE_ARCH = YES;
				SDKROOT = iphoneos;
				SWIFT_ACTIVE_COMPILATION_CONDITIONS = DEBUG;
				SWIFT_OPTIMIZATION_LEVEL = "-Onone";
			};
			name = Debug;
		};
		D1A88F3B25279AD000EBE42E /* Release */ = {
			isa = XCBuildConfiguration;
			buildSettings = {
				ALWAYS_SEARCH_USER_PATHS = NO;
				CLANG_ANALYZER_NONNULL = YES;
				CLANG_ANALYZER_NUMBER_OBJECT_CONVERSION = YES_AGGRESSIVE;
				CLANG_CXX_LANGUAGE_STANDARD = "gnu++14";
				CLANG_CXX_LIBRARY = "libc++";
				CLANG_ENABLE_MODULES = YES;
				CLANG_ENABLE_OBJC_ARC = YES;
				CLANG_ENABLE_OBJC_WEAK = YES;
				CLANG_WARN_BLOCK_CAPTURE_AUTORELEASING = YES;
				CLANG_WARN_BOOL_CONVERSION = YES;
				CLANG_WARN_COMMA = YES;
				CLANG_WARN_CONSTANT_CONVERSION = YES;
				CLANG_WARN_DEPRECATED_OBJC_IMPLEMENTATIONS = YES;
				CLANG_WARN_DIRECT_OBJC_ISA_USAGE = YES_ERROR;
				CLANG_WARN_DOCUMENTATION_COMMENTS = YES;
				CLANG_WARN_EMPTY_BODY = YES;
				CLANG_WARN_ENUM_CONVERSION = YES;
				CLANG_WARN_INFINITE_RECURSION = YES;
				CLANG_WARN_INT_CONVERSION = YES;
				CLANG_WARN_NON_LITERAL_NULL_CONVERSION = YES;
				CLANG_WARN_OBJC_IMPLICIT_RETAIN_SELF = YES;
				CLANG_WARN_OBJC_LITERAL_CONVERSION = YES;
				CLANG_WARN_OBJC_ROOT_CLASS = YES_ERROR;
				CLANG_WARN_RANGE_LOOP_ANALYSIS = YES;
				CLANG_WARN_STRICT_PROTOTYPES = YES;
				CLANG_WARN_SUSPICIOUS_MOVE = YES;
				CLANG_WARN_UNGUARDED_AVAILABILITY = YES_AGGRESSIVE;
				CLANG_WARN_UNREACHABLE_CODE = YES;
				CLANG_WARN__DUPLICATE_METHOD_MATCH = YES;
				COPY_PHASE_STRIP = NO;
				DEBUG_INFORMATION_FORMAT = "dwarf-with-dsym";
				ENABLE_NS_ASSERTIONS = NO;
				ENABLE_STRICT_OBJC_MSGSEND = YES;
				GCC_C_LANGUAGE_STANDARD = gnu11;
				GCC_NO_COMMON_BLOCKS = YES;
				GCC_WARN_64_TO_32_BIT_CONVERSION = YES;
				GCC_WARN_ABOUT_RETURN_TYPE = YES_ERROR;
				GCC_WARN_UNDECLARED_SELECTOR = YES;
				GCC_WARN_UNINITIALIZED_AUTOS = YES_AGGRESSIVE;
				GCC_WARN_UNUSED_FUNCTION = YES;
				GCC_WARN_UNUSED_VARIABLE = YES;
				IPHONEOS_DEPLOYMENT_TARGET = 13.5;
				MTL_ENABLE_DEBUG_INFO = NO;
				MTL_FAST_MATH = YES;
				SDKROOT = iphoneos;
				SWIFT_COMPILATION_MODE = wholemodule;
				SWIFT_OPTIMIZATION_LEVEL = "-O";
				VALIDATE_PRODUCT = YES;
			};
			name = Release;
		};
		D1A88F3D25279AD000EBE42E /* Debug */ = {
			isa = XCBuildConfiguration;
			baseConfigurationReference = 65B9AB1E074816BCB5E26709 /* Pods-Home.debug.xcconfig */;
			buildSettings = {
				ASSETCATALOG_COMPILER_APPICON_NAME = AppIcon;
				CODE_SIGN_STYLE = Automatic;
				DEVELOPMENT_TEAM = 6FVWXKY4X6;
				INFOPLIST_FILE = Home/Info.plist;
				LD_RUNPATH_SEARCH_PATHS = (
					"$(inherited)",
					"@executable_path/Frameworks",
				);
				PRODUCT_BUNDLE_IDENTIFIER = ronilson.Home;
				PRODUCT_NAME = "$(TARGET_NAME)";
				SWIFT_VERSION = 5.0;
				TARGETED_DEVICE_FAMILY = "1,2";
			};
			name = Debug;
		};
		D1A88F3E25279AD000EBE42E /* Release */ = {
			isa = XCBuildConfiguration;
			baseConfigurationReference = 8C88BF9D03FB5FD6F5FDF029 /* Pods-Home.release.xcconfig */;
			buildSettings = {
				ASSETCATALOG_COMPILER_APPICON_NAME = AppIcon;
				CODE_SIGN_STYLE = Automatic;
				DEVELOPMENT_TEAM = 6FVWXKY4X6;
				INFOPLIST_FILE = Home/Info.plist;
				LD_RUNPATH_SEARCH_PATHS = (
					"$(inherited)",
					"@executable_path/Frameworks",
				);
				PRODUCT_BUNDLE_IDENTIFIER = ronilson.Home;
				PRODUCT_NAME = "$(TARGET_NAME)";
				SWIFT_VERSION = 5.0;
				TARGETED_DEVICE_FAMILY = "1,2";
			};
			name = Release;
		};
/* End XCBuildConfiguration section */

/* Begin XCConfigurationList section */
		D1A88F2325279ACC00EBE42E /* Build configuration list for PBXProject "Home" */ = {
			isa = XCConfigurationList;
			buildConfigurations = (
				D1A88F3A25279AD000EBE42E /* Debug */,
				D1A88F3B25279AD000EBE42E /* Release */,
			);
			defaultConfigurationIsVisible = 0;
			defaultConfigurationName = Release;
		};
		D1A88F3C25279AD000EBE42E /* Build configuration list for PBXNativeTarget "Home" */ = {
			isa = XCConfigurationList;
			buildConfigurations = (
				D1A88F3D25279AD000EBE42E /* Debug */,
				D1A88F3E25279AD000EBE42E /* Release */,
			);
			defaultConfigurationIsVisible = 0;
			defaultConfigurationName = Release;
		};
/* End XCConfigurationList section */
	};
	rootObject = D1A88F2025279ACC00EBE42E /* Project object */;
}
